
Microsoft Visual Studio Solution File, Format Version 12.00
# Visual Studio Version 17
VisualStudioVersion = 17.11.35222.181
MinimumVisualStudioVersion = 10.0.40219.1
Project("{FAE04EC0-301F-11D3-BF4B-00C04F79EFBC}") = "SouvenirShop", "SouvenirShop\SouvenirShop.csproj", "{CAFD98F1-91AE-42F0-844F-C964A9705E0E}"
EndProject
Global
	GlobalSection(SolutionConfigurationPlatforms) = preSolution
		Debug|Any CPU = Debug|Any CPU
		Release|Any CPU = Release|Any CPU
	EndGlobalSection
	GlobalSection(ProjectConfigurationPlatforms) = postSolution
		{CAFD98F1-91AE-42F0-844F-C964A9705E0E}.Debug|Any CPU.ActiveCfg = Debug|Any CPU
		{CAFD98F1-91AE-42F0-844F-C964A9705E0E}.Debug|Any CPU.Build.0 = Debug|Any CPU
		{CAFD98F1-91AE-42F0-844F-C964A9705E0E}.Release|Any CPU.ActiveCfg = Release|Any CPU
		{CAFD98F1-91AE-42F0-844F-C964A9705E0E}.Release|Any CPU.Build.0 = Release|Any CPU
	EndGlobalSection
	GlobalSection(SolutionProperties) = preSolution
		HideSolutionNode = FALSE
	EndGlobalSection
	GlobalSection(ExtensibilityGlobals) = postSolution
		SolutionGuid = {BCBB5B4E-5BFE-43F8-A94E-B733319BA2B6}
	EndGlobalSection
EndGlobal
